
Microsoft Visual Studio Solution File, Format Version 12.00
# Visual Studio Version 16
VisualStudioVersion = 16.0.31702.278
MinimumVisualStudioVersion = 10.0.40219.1
Project("{FAE04EC0-301F-11D3-BF4B-00C04F79EFBC}") = "FirstLesson", "FirstLesson.csproj", "{3DE52C5F-14F3-43C3-88B2-316AB5ECB03C}"
EndProject
Project("{FAE04EC0-301F-11D3-BF4B-00C04F79EFBC}") = "Fibonacci", "..\Fibonacci\Fibonacci.csproj", "{FEC998DF-7DC6-422B-A9F7-2915EAB39530}"
EndProject
Global
	GlobalSection(SolutionConfigurationPlatforms) = preSolution
		Debug|Any CPU = Debug|Any CPU
		Release|Any CPU = Release|Any CPU
	EndGlobalSection
	GlobalSection(ProjectConfigurationPlatforms) = postSolution
		{3DE52C5F-14F3-43C3-88B2-316AB5ECB03C}.Debug|Any CPU.ActiveCfg = Debug|Any CPU
		{3DE52C5F-14F3-43C3-88B2-316AB5ECB03C}.Debug|Any CPU.Build.0 = Debug|Any CPU
		{3DE52C5F-14F3-43C3-88B2-316AB5ECB03C}.Release|Any CPU.ActiveCfg = Release|Any CPU
		{3DE52C5F-14F3-43C3-88B2-316AB5ECB03C}.Release|Any CPU.Build.0 = Release|Any CPU
		{FEC998DF-7DC6-422B-A9F7-2915EAB39530}.Debug|Any CPU.ActiveCfg = Debug|Any CPU
		{FEC998DF-7DC6-422B-A9F7-2915EAB39530}.Debug|Any CPU.Build.0 = Debug|Any CPU
		{FEC998DF-7DC6-422B-A9F7-2915EAB39530}.Release|Any CPU.ActiveCfg = Release|Any CPU
		{FEC998DF-7DC6-422B-A9F7-2915EAB39530}.Release|Any CPU.Build.0 = Release|Any CPU
	EndGlobalSection
	GlobalSection(SolutionProperties) = preSolution
		HideSolutionNode = FALSE
	EndGlobalSection
	GlobalSection(ExtensibilityGlobals) = postSolution
		SolutionGuid = {3458B972-2EA9-4C0C-963C-ED8287C29BB9}
	EndGlobalSection
EndGlobal
